// !$*UTF8*$!
{
	archiveVersion = 1;
	classes = {
	};
	objectVersion = 56;
	objects = {

/* Begin PBXBuildFile section */
		A5000C422B0B0FE9008EC429 /* SpotifardApp.swift in Sources */ = {isa = PBXBuildFile; fileRef = A5000C412B0B0FE9008EC429 /* SpotifardApp.swift */; };
		A5000C442B0B0FE9008EC429 /* ContentView.swift in Sources */ = {isa = PBXBuildFile; fileRef = A5000C432B0B0FE9008EC429 /* ContentView.swift */; };
		A5000C462B0B0FEB008EC429 /* Assets.xcassets in Resources */ = {isa = PBXBuildFile; fileRef = A5000C452B0B0FEB008EC429 /* Assets.xcassets */; };
		A5000C492B0B0FEB008EC429 /* Preview Assets.xcassets in Resources */ = {isa = PBXBuildFile; fileRef = A5000C482B0B0FEB008EC429 /* Preview Assets.xcassets */; };
		A5000C532B0B0FEB008EC429 /* SpotifardTests.swift in Sources */ = {isa = PBXBuildFile; fileRef = A5000C522B0B0FEB008EC429 /* SpotifardTests.swift */; };
		A5000C5D2B0B0FEB008EC429 /* SpotifardUITests.swift in Sources */ = {isa = PBXBuildFile; fileRef = A5000C5C2B0B0FEB008EC429 /* SpotifardUITests.swift */; };
		A5000C5F2B0B0FEB008EC429 /* SpotifardUITestsLaunchTests.swift in Sources */ = {isa = PBXBuildFile; fileRef = A5000C5E2B0B0FEB008EC429 /* SpotifardUITestsLaunchTests.swift */; };
		A507F4382B19D6DA00952003 /* ToolbarCloseButton.swift in Sources */ = {isa = PBXBuildFile; fileRef = A507F4372B19D6DA00952003 /* ToolbarCloseButton.swift */; };
		A5271FDF2B7077770049CD04 /* PlaylistTracksView.swift in Sources */ = {isa = PBXBuildFile; fileRef = A5271FDE2B7077770049CD04 /* PlaylistTracksView.swift */; };
		A58247DE2B1FF631008AC68E /* PlaylistSettingsView.swift in Sources */ = {isa = PBXBuildFile; fileRef = A58247DD2B1FF631008AC68E /* PlaylistSettingsView.swift */; };
		A5A343AA2B15697200E46F57 /* SpotifyAPI in Frameworks */ = {isa = PBXBuildFile; productRef = A5A343A92B15697200E46F57 /* SpotifyAPI */; };
		A5A343AD2B156A7D00E46F57 /* Spotify.swift in Sources */ = {isa = PBXBuildFile; fileRef = A5A343AC2B156A7D00E46F57 /* Spotify.swift */; };
		A5A343B02B156B8A00E46F57 /* KeychainAccess in Frameworks */ = {isa = PBXBuildFile; productRef = A5A343AF2B156B8A00E46F57 /* KeychainAccess */; };
		A5A343B32B15A38300E46F57 /* LoginView.swift in Sources */ = {isa = PBXBuildFile; fileRef = A5A343B22B15A38300E46F57 /* LoginView.swift */; };
		A5A343B82B15A82800E46F57 /* AlertItem.swift in Sources */ = {isa = PBXBuildFile; fileRef = A5A343B72B15A82800E46F57 /* AlertItem.swift */; };
		A5A343BA2B15B33100E46F57 /* ExamplesListView.swift in Sources */ = {isa = PBXBuildFile; fileRef = A5A343B92B15B33100E46F57 /* ExamplesListView.swift */; };
		A5A343BE2B15B37700E46F57 /* PlaylistsListView.swift in Sources */ = {isa = PBXBuildFile; fileRef = A5A343BD2B15B37700E46F57 /* PlaylistsListView.swift */; };
		A5A343C02B15B38D00E46F57 /* PlaylistCellView.swift in Sources */ = {isa = PBXBuildFile; fileRef = A5A343BF2B15B38D00E46F57 /* PlaylistCellView.swift */; };
		A5A343C22B15B3C100E46F57 /* PlaylistDeduplicator.swift in Sources */ = {isa = PBXBuildFile; fileRef = A5A343C12B15B3C100E46F57 /* PlaylistDeduplicator.swift */; };
		A5A343C42B15B3E900E46F57 /* SpotifyAPIExtensions.swift in Sources */ = {isa = PBXBuildFile; fileRef = A5A343C32B15B3E900E46F57 /* SpotifyAPIExtensions.swift */; };
		A5A343C62B15B43600E46F57 /* MiscellaneousUtilities.swift in Sources */ = {isa = PBXBuildFile; fileRef = A5A343C52B15B43600E46F57 /* MiscellaneousUtilities.swift */; };
		A5A343CB2B15B4EB00E46F57 /* RecentlyPlayedView.swift in Sources */ = {isa = PBXBuildFile; fileRef = A5A343C72B15B4EB00E46F57 /* RecentlyPlayedView.swift */; };
		A5A343CC2B15B4EB00E46F57 /* SearchForTracksView.swift in Sources */ = {isa = PBXBuildFile; fileRef = A5A343C82B15B4EB00E46F57 /* SearchForTracksView.swift */; };
		A5A343CD2B15B4EB00E46F57 /* DebugMenuView.swift in Sources */ = {isa = PBXBuildFile; fileRef = A5A343C92B15B4EB00E46F57 /* DebugMenuView.swift */; };
		A5A343CE2B15B4EB00E46F57 /* TrackView.swift in Sources */ = {isa = PBXBuildFile; fileRef = A5A343CA2B15B4EB00E46F57 /* TrackView.swift */; };
		A5A343D32B15B52400E46F57 /* AlbumTracksView.swift in Sources */ = {isa = PBXBuildFile; fileRef = A5A343CF2B15B52400E46F57 /* AlbumTracksView.swift */; };
		A5A343D42B15B52400E46F57 /* SavedAlbumsGridView.swift in Sources */ = {isa = PBXBuildFile; fileRef = A5A343D02B15B52400E46F57 /* SavedAlbumsGridView.swift */; };
		A5A343D52B15B52400E46F57 /* AlbumGridItemView.swift in Sources */ = {isa = PBXBuildFile; fileRef = A5A343D12B15B52400E46F57 /* AlbumGridItemView.swift */; };
		A5A343D62B15B52400E46F57 /* AlbumTrackCellView.swift in Sources */ = {isa = PBXBuildFile; fileRef = A5A343D22B15B52400E46F57 /* AlbumTrackCellView.swift */; };
		A5A343DB2B16ABF100E46F57 /* ArtistCell.swift in Sources */ = {isa = PBXBuildFile; fileRef = A5A343DA2B16ABF100E46F57 /* ArtistCell.swift */; };
		A5A343DE2B16AE9600E46F57 /* SpotifyAsyncImage.swift in Sources */ = {isa = PBXBuildFile; fileRef = A5A343DD2B16AE9600E46F57 /* SpotifyAsyncImage.swift */; };
		A5AE07792B796C1A004B6B10 /* TracksView.swift in Sources */ = {isa = PBXBuildFile; fileRef = A5AE07782B796C1A004B6B10 /* TracksView.swift */; };
		A5AE077B2B797081004B6B10 /* ArtistTracksView.swift in Sources */ = {isa = PBXBuildFile; fileRef = A5AE077A2B797081004B6B10 /* ArtistTracksView.swift */; };
		A5AE077D2B798D2D004B6B10 /* ArtistsView.swift in Sources */ = {isa = PBXBuildFile; fileRef = A5AE077C2B798D2D004B6B10 /* ArtistsView.swift */; };
		A5AE136B2B8C6C40009CE681 /* GuessTheSongView.swift in Sources */ = {isa = PBXBuildFile; fileRef = A5AE136A2B8C6C40009CE681 /* GuessTheSongView.swift */; };
		A5D4E3312B8F1C9D003E5D10 /* ScreenNavigationStack.swift in Sources */ = {isa = PBXBuildFile; fileRef = A5D4E3302B8F1C9D003E5D10 /* ScreenNavigationStack.swift */; };
		A5D4E3332B8F1D00003E5D10 /* NavigationModel.swift in Sources */ = {isa = PBXBuildFile; fileRef = A5D4E3322B8F1D00003E5D10 /* NavigationModel.swift */; };
		A5F7E3372B16C31100166640 /* SearchForArtistsView.swift in Sources */ = {isa = PBXBuildFile; fileRef = A5F7E3362B16C31100166640 /* SearchForArtistsView.swift */; };
		A5F7E33A2B16C70C00166640 /* ArtistView.swift in Sources */ = {isa = PBXBuildFile; fileRef = A5F7E3392B16C70C00166640 /* ArtistView.swift */; };
		A5F7E33C2B170C4000166640 /* PlaylistPicker.swift in Sources */ = {isa = PBXBuildFile; fileRef = A5F7E33B2B170C4000166640 /* PlaylistPicker.swift */; };
		A5F7E33E2B1719BB00166640 /* PlaylistCell.swift in Sources */ = {isa = PBXBuildFile; fileRef = A5F7E33D2B1719BB00166640 /* PlaylistCell.swift */; };
		A5F7E3402B171EC400166640 /* SearchBar.swift in Sources */ = {isa = PBXBuildFile; fileRef = A5F7E33F2B171EC300166640 /* SearchBar.swift */; };
		A5F7E3422B172CB700166640 /* PlaylistWizard.swift in Sources */ = {isa = PBXBuildFile; fileRef = A5F7E3412B172CB700166640 /* PlaylistWizard.swift */; };
		A5F7E3452B1744B300166640 /* TrackCell.swift in Sources */ = {isa = PBXBuildFile; fileRef = A5F7E3442B1744B300166640 /* TrackCell.swift */; };
		A5F7E3472B192E4F00166640 /* TrackFilterView.swift in Sources */ = {isa = PBXBuildFile; fileRef = A5F7E3462B192E4F00166640 /* TrackFilterView.swift */; };
		A5F7E3492B1931A100166640 /* RangeSlider.swift in Sources */ = {isa = PBXBuildFile; fileRef = A5F7E3482B1931A100166640 /* RangeSlider.swift */; };
/* End PBXBuildFile section */

/* Begin PBXContainerItemProxy section */
		A5000C4F2B0B0FEB008EC429 /* PBXContainerItemProxy */ = {
			isa = PBXContainerItemProxy;
			containerPortal = A5000C362B0B0FE9008EC429 /* Project object */;
			proxyType = 1;
			remoteGlobalIDString = A5000C3D2B0B0FE9008EC429;
			remoteInfo = Spotifard;
		};
		A5000C592B0B0FEB008EC429 /* PBXContainerItemProxy */ = {
			isa = PBXContainerItemProxy;
			containerPortal = A5000C362B0B0FE9008EC429 /* Project object */;
			proxyType = 1;
			remoteGlobalIDString = A5000C3D2B0B0FE9008EC429;
			remoteInfo = Spotifard;
		};
/* End PBXContainerItemProxy section */

/* Begin PBXFileReference section */
		A5000C3E2B0B0FE9008EC429 /* Spotifard.app */ = {isa = PBXFileReference; explicitFileType = wrapper.application; includeInIndex = 0; path = Spotifard.app; sourceTree = BUILT_PRODUCTS_DIR; };
		A5000C412B0B0FE9008EC429 /* SpotifardApp.swift */ = {isa = PBXFileReference; lastKnownFileType = sourcecode.swift; path = SpotifardApp.swift; sourceTree = "<group>"; };
		A5000C432B0B0FE9008EC429 /* ContentView.swift */ = {isa = PBXFileReference; lastKnownFileType = sourcecode.swift; path = ContentView.swift; sourceTree = "<group>"; };
		A5000C452B0B0FEB008EC429 /* Assets.xcassets */ = {isa = PBXFileReference; lastKnownFileType = folder.assetcatalog; path = Assets.xcassets; sourceTree = "<group>"; };
		A5000C482B0B0FEB008EC429 /* Preview Assets.xcassets */ = {isa = PBXFileReference; lastKnownFileType = folder.assetcatalog; path = "Preview Assets.xcassets"; sourceTree = "<group>"; };
		A5000C4E2B0B0FEB008EC429 /* SpotifardTests.xctest */ = {isa = PBXFileReference; explicitFileType = wrapper.cfbundle; includeInIndex = 0; path = SpotifardTests.xctest; sourceTree = BUILT_PRODUCTS_DIR; };
		A5000C522B0B0FEB008EC429 /* SpotifardTests.swift */ = {isa = PBXFileReference; lastKnownFileType = sourcecode.swift; path = SpotifardTests.swift; sourceTree = "<group>"; };
		A5000C582B0B0FEB008EC429 /* SpotifardUITests.xctest */ = {isa = PBXFileReference; explicitFileType = wrapper.cfbundle; includeInIndex = 0; path = SpotifardUITests.xctest; sourceTree = BUILT_PRODUCTS_DIR; };
		A5000C5C2B0B0FEB008EC429 /* SpotifardUITests.swift */ = {isa = PBXFileReference; lastKnownFileType = sourcecode.swift; path = SpotifardUITests.swift; sourceTree = "<group>"; };
		A5000C5E2B0B0FEB008EC429 /* SpotifardUITestsLaunchTests.swift */ = {isa = PBXFileReference; lastKnownFileType = sourcecode.swift; path = SpotifardUITestsLaunchTests.swift; sourceTree = "<group>"; };
		A507F4372B19D6DA00952003 /* ToolbarCloseButton.swift */ = {isa = PBXFileReference; lastKnownFileType = sourcecode.swift; path = ToolbarCloseButton.swift; sourceTree = "<group>"; };
		A5271FDE2B7077770049CD04 /* PlaylistTracksView.swift */ = {isa = PBXFileReference; lastKnownFileType = sourcecode.swift; path = PlaylistTracksView.swift; sourceTree = "<group>"; };
		A58247DD2B1FF631008AC68E /* PlaylistSettingsView.swift */ = {isa = PBXFileReference; lastKnownFileType = sourcecode.swift; path = PlaylistSettingsView.swift; sourceTree = "<group>"; };
		A5A343AC2B156A7D00E46F57 /* Spotify.swift */ = {isa = PBXFileReference; lastKnownFileType = sourcecode.swift; path = Spotify.swift; sourceTree = "<group>"; };
		A5A343B22B15A38300E46F57 /* LoginView.swift */ = {isa = PBXFileReference; lastKnownFileType = sourcecode.swift; path = LoginView.swift; sourceTree = "<group>"; };
		A5A343B72B15A82800E46F57 /* AlertItem.swift */ = {isa = PBXFileReference; lastKnownFileType = sourcecode.swift; path = AlertItem.swift; sourceTree = "<group>"; };
		A5A343B92B15B33100E46F57 /* ExamplesListView.swift */ = {isa = PBXFileReference; lastKnownFileType = sourcecode.swift; path = ExamplesListView.swift; sourceTree = "<group>"; };
		A5A343BD2B15B37700E46F57 /* PlaylistsListView.swift */ = {isa = PBXFileReference; lastKnownFileType = sourcecode.swift; path = PlaylistsListView.swift; sourceTree = "<group>"; };
		A5A343BF2B15B38D00E46F57 /* PlaylistCellView.swift */ = {isa = PBXFileReference; lastKnownFileType = sourcecode.swift; path = PlaylistCellView.swift; sourceTree = "<group>"; };
		A5A343C12B15B3C100E46F57 /* PlaylistDeduplicator.swift */ = {isa = PBXFileReference; lastKnownFileType = sourcecode.swift; path = PlaylistDeduplicator.swift; sourceTree = "<group>"; };
		A5A343C32B15B3E900E46F57 /* SpotifyAPIExtensions.swift */ = {isa = PBXFileReference; lastKnownFileType = sourcecode.swift; path = SpotifyAPIExtensions.swift; sourceTree = "<group>"; };
		A5A343C52B15B43600E46F57 /* MiscellaneousUtilities.swift */ = {isa = PBXFileReference; lastKnownFileType = sourcecode.swift; path = MiscellaneousUtilities.swift; sourceTree = "<group>"; };
		A5A343C72B15B4EB00E46F57 /* RecentlyPlayedView.swift */ = {isa = PBXFileReference; fileEncoding = 4; lastKnownFileType = sourcecode.swift; path = RecentlyPlayedView.swift; sourceTree = "<group>"; };
		A5A343C82B15B4EB00E46F57 /* SearchForTracksView.swift */ = {isa = PBXFileReference; fileEncoding = 4; lastKnownFileType = sourcecode.swift; path = SearchForTracksView.swift; sourceTree = "<group>"; };
		A5A343C92B15B4EB00E46F57 /* DebugMenuView.swift */ = {isa = PBXFileReference; fileEncoding = 4; lastKnownFileType = sourcecode.swift; path = DebugMenuView.swift; sourceTree = "<group>"; };
		A5A343CA2B15B4EB00E46F57 /* TrackView.swift */ = {isa = PBXFileReference; fileEncoding = 4; lastKnownFileType = sourcecode.swift; path = TrackView.swift; sourceTree = "<group>"; };
		A5A343CF2B15B52400E46F57 /* AlbumTracksView.swift */ = {isa = PBXFileReference; fileEncoding = 4; lastKnownFileType = sourcecode.swift; path = AlbumTracksView.swift; sourceTree = "<group>"; };
		A5A343D02B15B52400E46F57 /* SavedAlbumsGridView.swift */ = {isa = PBXFileReference; fileEncoding = 4; lastKnownFileType = sourcecode.swift; path = SavedAlbumsGridView.swift; sourceTree = "<group>"; };
		A5A343D12B15B52400E46F57 /* AlbumGridItemView.swift */ = {isa = PBXFileReference; fileEncoding = 4; lastKnownFileType = sourcecode.swift; path = AlbumGridItemView.swift; sourceTree = "<group>"; };
		A5A343D22B15B52400E46F57 /* AlbumTrackCellView.swift */ = {isa = PBXFileReference; fileEncoding = 4; lastKnownFileType = sourcecode.swift; path = AlbumTrackCellView.swift; sourceTree = "<group>"; };
		A5A343D72B15B7BC00E46F57 /* Info.plist */ = {isa = PBXFileReference; lastKnownFileType = text.plist; path = Info.plist; sourceTree = "<group>"; };
		A5A343DA2B16ABF100E46F57 /* ArtistCell.swift */ = {isa = PBXFileReference; fileEncoding = 4; lastKnownFileType = sourcecode.swift; path = ArtistCell.swift; sourceTree = "<group>"; };
		A5A343DD2B16AE9600E46F57 /* SpotifyAsyncImage.swift */ = {isa = PBXFileReference; lastKnownFileType = sourcecode.swift; path = SpotifyAsyncImage.swift; sourceTree = "<group>"; };
		A5AE07782B796C1A004B6B10 /* TracksView.swift */ = {isa = PBXFileReference; lastKnownFileType = sourcecode.swift; name = TracksView.swift; path = Spotifard/Views/Track/TracksView.swift; sourceTree = SOURCE_ROOT; };
		A5AE077A2B797081004B6B10 /* ArtistTracksView.swift */ = {isa = PBXFileReference; lastKnownFileType = sourcecode.swift; path = ArtistTracksView.swift; sourceTree = "<group>"; };
		A5AE077C2B798D2D004B6B10 /* ArtistsView.swift */ = {isa = PBXFileReference; lastKnownFileType = sourcecode.swift; path = ArtistsView.swift; sourceTree = "<group>"; };
		A5AE136A2B8C6C40009CE681 /* GuessTheSongView.swift */ = {isa = PBXFileReference; lastKnownFileType = sourcecode.swift; path = GuessTheSongView.swift; sourceTree = "<group>"; };
		A5D4E3302B8F1C9D003E5D10 /* ScreenNavigationStack.swift */ = {isa = PBXFileReference; lastKnownFileType = sourcecode.swift; path = ScreenNavigationStack.swift; sourceTree = "<group>"; };
		A5D4E3322B8F1D00003E5D10 /* NavigationModel.swift */ = {isa = PBXFileReference; lastKnownFileType = sourcecode.swift; path = NavigationModel.swift; sourceTree = "<group>"; };
		A5F7E3362B16C31100166640 /* SearchForArtistsView.swift */ = {isa = PBXFileReference; fileEncoding = 4; lastKnownFileType = sourcecode.swift; path = SearchForArtistsView.swift; sourceTree = "<group>"; };
		A5F7E3392B16C70C00166640 /* ArtistView.swift */ = {isa = PBXFileReference; lastKnownFileType = sourcecode.swift; path = ArtistView.swift; sourceTree = "<group>"; };
		A5F7E33B2B170C4000166640 /* PlaylistPicker.swift */ = {isa = PBXFileReference; lastKnownFileType = sourcecode.swift; path = PlaylistPicker.swift; sourceTree = "<group>"; };
		A5F7E33D2B1719BB00166640 /* PlaylistCell.swift */ = {isa = PBXFileReference; lastKnownFileType = sourcecode.swift; path = PlaylistCell.swift; sourceTree = "<group>"; };
		A5F7E33F2B171EC300166640 /* SearchBar.swift */ = {isa = PBXFileReference; lastKnownFileType = sourcecode.swift; path = SearchBar.swift; sourceTree = "<group>"; };
		A5F7E3412B172CB700166640 /* PlaylistWizard.swift */ = {isa = PBXFileReference; lastKnownFileType = sourcecode.swift; path = PlaylistWizard.swift; sourceTree = "<group>"; };
		A5F7E3442B1744B300166640 /* TrackCell.swift */ = {isa = PBXFileReference; lastKnownFileType = sourcecode.swift; path = TrackCell.swift; sourceTree = "<group>"; };
		A5F7E3462B192E4F00166640 /* TrackFilterView.swift */ = {isa = PBXFileReference; lastKnownFileType = sourcecode.swift; path = TrackFilterView.swift; sourceTree = "<group>"; };
		A5F7E3482B1931A100166640 /* RangeSlider.swift */ = {isa = PBXFileReference; lastKnownFileType = sourcecode.swift; path = RangeSlider.swift; sourceTree = "<group>"; };
/* End PBXFileReference section */

/* Begin PBXFrameworksBuildPhase section */
		A5000C3B2B0B0FE9008EC429 /* Frameworks */ = {
			isa = PBXFrameworksBuildPhase;
			buildActionMask = 2147483647;
			files = (
				A5A343B02B156B8A00E46F57 /* KeychainAccess in Frameworks */,
				A5A343AA2B15697200E46F57 /* SpotifyAPI in Frameworks */,
			);
			runOnlyForDeploymentPostprocessing = 0;
		};
		A5000C4B2B0B0FEB008EC429 /* Frameworks */ = {
			isa = PBXFrameworksBuildPhase;
			buildActionMask = 2147483647;
			files = (
			);
			runOnlyForDeploymentPostprocessing = 0;
		};
		A5000C552B0B0FEB008EC429 /* Frameworks */ = {
			isa = PBXFrameworksBuildPhase;
			buildActionMask = 2147483647;
			files = (
			);
			runOnlyForDeploymentPostprocessing = 0;
		};
/* End PBXFrameworksBuildPhase section */

/* Begin PBXGroup section */
		A5000C352B0B0FE9008EC429 = {
			isa = PBXGroup;
			children = (
				A5000C402B0B0FE9008EC429 /* Spotifard */,
				A5000C512B0B0FEB008EC429 /* SpotifardTests */,
				A5000C5B2B0B0FEB008EC429 /* SpotifardUITests */,
				A5000C3F2B0B0FE9008EC429 /* Products */,
			);
			sourceTree = "<group>";
		};
		A5000C3F2B0B0FE9008EC429 /* Products */ = {
			isa = PBXGroup;
			children = (
				A5000C3E2B0B0FE9008EC429 /* Spotifard.app */,
				A5000C4E2B0B0FEB008EC429 /* SpotifardTests.xctest */,
				A5000C582B0B0FEB008EC429 /* SpotifardUITests.xctest */,
			);
			name = Products;
			sourceTree = "<group>";
		};
		A5000C402B0B0FE9008EC429 /* Spotifard */ = {
			isa = PBXGroup;
			children = (
				A5A343D72B15B7BC00E46F57 /* Info.plist */,
				A5A343B42B15A59200E46F57 /* Utilities */,
				A5A343B12B15A37900E46F57 /* Views */,
				A5A343AB2B156A6D00E46F57 /* Model */,
				A5000C412B0B0FE9008EC429 /* SpotifardApp.swift */,
				A5000C432B0B0FE9008EC429 /* ContentView.swift */,
				A5000C452B0B0FEB008EC429 /* Assets.xcassets */,
				A5000C472B0B0FEB008EC429 /* Preview Content */,
			);
			path = Spotifard;
			sourceTree = "<group>";
		};
		A5000C472B0B0FEB008EC429 /* Preview Content */ = {
			isa = PBXGroup;
			children = (
				A5000C482B0B0FEB008EC429 /* Preview Assets.xcassets */,
			);
			path = "Preview Content";
			sourceTree = "<group>";
		};
		A5000C512B0B0FEB008EC429 /* SpotifardTests */ = {
			isa = PBXGroup;
			children = (
				A5000C522B0B0FEB008EC429 /* SpotifardTests.swift */,
			);
			path = SpotifardTests;
			sourceTree = "<group>";
		};
		A5000C5B2B0B0FEB008EC429 /* SpotifardUITests */ = {
			isa = PBXGroup;
			children = (
				A5000C5C2B0B0FEB008EC429 /* SpotifardUITests.swift */,
				A5000C5E2B0B0FEB008EC429 /* SpotifardUITestsLaunchTests.swift */,
			);
			path = SpotifardUITests;
			sourceTree = "<group>";
		};
		A5A343AB2B156A6D00E46F57 /* Model */ = {
			isa = PBXGroup;
			children = (
				A5A343AC2B156A7D00E46F57 /* Spotify.swift */,
				A5A343C12B15B3C100E46F57 /* PlaylistDeduplicator.swift */,
			);
			path = Model;
			sourceTree = "<group>";
		};
		A5A343B12B15A37900E46F57 /* Views */ = {
			isa = PBXGroup;
			children = (
				A5AE13692B8C6C2B009CE681 /* Screens */,
				A5F7E3432B1744A100166640 /* Track */,
				A5F7E3382B16C6F900166640 /* Artist */,
				A5A343DC2B16AE8300E46F57 /* Utility */,
				A5A343BC2B15B36100E46F57 /* Album */,
				A5A343BB2B15B35B00E46F57 /* Playlist */,
				A5A343C92B15B4EB00E46F57 /* DebugMenuView.swift */,
				A5A343B92B15B33100E46F57 /* ExamplesListView.swift */,
				A5A343B22B15A38300E46F57 /* LoginView.swift */,
				A5A343C72B15B4EB00E46F57 /* RecentlyPlayedView.swift */,
				A5A343C82B15B4EB00E46F57 /* SearchForTracksView.swift */,
				A5A343CA2B15B4EB00E46F57 /* TrackView.swift */,
			);
			path = Views;
			sourceTree = "<group>";
		};
		A5A343B42B15A59200E46F57 /* Utilities */ = {
			isa = PBXGroup;
			children = (
				A5A343B72B15A82800E46F57 /* AlertItem.swift */,
				A5A343C32B15B3E900E46F57 /* SpotifyAPIExtensions.swift */,
				A5A343C52B15B43600E46F57 /* MiscellaneousUtilities.swift */,
			);
			path = Utilities;
			sourceTree = "<group>";
		};
		A5A343BB2B15B35B00E46F57 /* Playlist */ = {
			isa = PBXGroup;
			children = (
				A5A343BD2B15B37700E46F57 /* PlaylistsListView.swift */,
				A5A343BF2B15B38D00E46F57 /* PlaylistCellView.swift */,
				A5F7E33B2B170C4000166640 /* PlaylistPicker.swift */,
				A5F7E33D2B1719BB00166640 /* PlaylistCell.swift */,
				A5F7E3412B172CB700166640 /* PlaylistWizard.swift */,
				A58247DD2B1FF631008AC68E /* PlaylistSettingsView.swift */,
				A5271FDE2B7077770049CD04 /* PlaylistTracksView.swift */,
			);
			path = Playlist;
			sourceTree = "<group>";
		};
		A5A343BC2B15B36100E46F57 /* Album */ = {
			isa = PBXGroup;
			children = (
				A5A343D12B15B52400E46F57 /* AlbumGridItemView.swift */,
				A5A343D22B15B52400E46F57 /* AlbumTrackCellView.swift */,
				A5A343CF2B15B52400E46F57 /* AlbumTracksView.swift */,
				A5A343D02B15B52400E46F57 /* SavedAlbumsGridView.swift */,
			);
			path = Album;
			sourceTree = "<group>";
		};
		A5A343DC2B16AE8300E46F57 /* Utility */ = {
			isa = PBXGroup;
			children = (
				A5A343DD2B16AE9600E46F57 /* SpotifyAsyncImage.swift */,
				A5F7E33F2B171EC300166640 /* SearchBar.swift */,
				A5F7E3482B1931A100166640 /* RangeSlider.swift */,
				A507F4372B19D6DA00952003 /* ToolbarCloseButton.swift */,
				A5D4E3302B8F1C9D003E5D10 /* ScreenNavigationStack.swift */,
				A5D4E3322B8F1D00003E5D10 /* NavigationModel.swift */,
			);
			path = Utility;
			sourceTree = "<group>";
		};
		A5AE13692B8C6C2B009CE681 /* Screens */ = {
			isa = PBXGroup;
			children = (
				A5AE136A2B8C6C40009CE681 /* GuessTheSongView.swift */,
			);
			path = Screens;
			sourceTree = "<group>";
		};
		A5F7E3382B16C6F900166640 /* Artist */ = {
			isa = PBXGroup;
			children = (
				A5AE077A2B797081004B6B10 /* ArtistTracksView.swift */,
				A5F7E3362B16C31100166640 /* SearchForArtistsView.swift */,
				A5A343DA2B16ABF100E46F57 /* ArtistCell.swift */,
				A5F7E3392B16C70C00166640 /* ArtistView.swift */,
				A5AE077C2B798D2D004B6B10 /* ArtistsView.swift */,
			);
			path = Artist;
			sourceTree = "<group>";
		};
		A5F7E3432B1744A100166640 /* Track */ = {
			isa = PBXGroup;
			children = (
				A5F7E3442B1744B300166640 /* TrackCell.swift */,
				A5F7E3462B192E4F00166640 /* TrackFilterView.swift */,
				A5AE07782B796C1A004B6B10 /* TracksView.swift */,
			);
			path = Track;
			sourceTree = "<group>";
		};
/* End PBXGroup section */

/* Begin PBXNativeTarget section */
		A5000C3D2B0B0FE9008EC429 /* Spotifard */ = {
			isa = PBXNativeTarget;
			buildConfigurationList = A5000C622B0B0FEB008EC429 /* Build configuration list for PBXNativeTarget "Spotifard" */;
			buildPhases = (
				A5000C3A2B0B0FE9008EC429 /* Sources */,
				A5000C3B2B0B0FE9008EC429 /* Frameworks */,
				A5000C3C2B0B0FE9008EC429 /* Resources */,
			);
			buildRules = (
			);
			dependencies = (
			);
			name = Spotifard;
			packageProductDependencies = (
				A5A343A92B15697200E46F57 /* SpotifyAPI */,
				A5A343AF2B156B8A00E46F57 /* KeychainAccess */,
			);
			productName = Spotifard;
			productReference = A5000C3E2B0B0FE9008EC429 /* Spotifard.app */;
			productType = "com.apple.product-type.application";
		};
		A5000C4D2B0B0FEB008EC429 /* SpotifardTests */ = {
			isa = PBXNativeTarget;
			buildConfigurationList = A5000C652B0B0FEB008EC429 /* Build configuration list for PBXNativeTarget "SpotifardTests" */;
			buildPhases = (
				A5000C4A2B0B0FEB008EC429 /* Sources */,
				A5000C4B2B0B0FEB008EC429 /* Frameworks */,
				A5000C4C2B0B0FEB008EC429 /* Resources */,
			);
			buildRules = (
			);
			dependencies = (
				A5000C502B0B0FEB008EC429 /* PBXTargetDependency */,
			);
			name = SpotifardTests;
			productName = SpotifardTests;
			productReference = A5000C4E2B0B0FEB008EC429 /* SpotifardTests.xctest */;
			productType = "com.apple.product-type.bundle.unit-test";
		};
		A5000C572B0B0FEB008EC429 /* SpotifardUITests */ = {
			isa = PBXNativeTarget;
			buildConfigurationList = A5000C682B0B0FEB008EC429 /* Build configuration list for PBXNativeTarget "SpotifardUITests" */;
			buildPhases = (
				A5000C542B0B0FEB008EC429 /* Sources */,
				A5000C552B0B0FEB008EC429 /* Frameworks */,
				A5000C562B0B0FEB008EC429 /* Resources */,
			);
			buildRules = (
			);
			dependencies = (
				A5000C5A2B0B0FEB008EC429 /* PBXTargetDependency */,
			);
			name = SpotifardUITests;
			productName = SpotifardUITests;
			productReference = A5000C582B0B0FEB008EC429 /* SpotifardUITests.xctest */;
			productType = "com.apple.product-type.bundle.ui-testing";
		};
/* End PBXNativeTarget section */

/* Begin PBXProject section */
		A5000C362B0B0FE9008EC429 /* Project object */ = {
			isa = PBXProject;
			attributes = {
				BuildIndependentTargetsInParallel = 1;
				LastSwiftUpdateCheck = 1500;
				LastUpgradeCheck = 1500;
				TargetAttributes = {
					A5000C3D2B0B0FE9008EC429 = {
						CreatedOnToolsVersion = 15.0.1;
					};
					A5000C4D2B0B0FEB008EC429 = {
						CreatedOnToolsVersion = 15.0.1;
						TestTargetID = A5000C3D2B0B0FE9008EC429;
					};
					A5000C572B0B0FEB008EC429 = {
						CreatedOnToolsVersion = 15.0.1;
						TestTargetID = A5000C3D2B0B0FE9008EC429;
					};
				};
			};
			buildConfigurationList = A5000C392B0B0FE9008EC429 /* Build configuration list for PBXProject "Spotifard" */;
			compatibilityVersion = "Xcode 14.0";
			developmentRegion = en;
			hasScannedForEncodings = 0;
			knownRegions = (
				en,
				Base,
			);
			mainGroup = A5000C352B0B0FE9008EC429;
			packageReferences = (
				A5A343A82B15697200E46F57 /* XCRemoteSwiftPackageReference "SpotifyAPI" */,
				A5A343AE2B156B8A00E46F57 /* XCRemoteSwiftPackageReference "KeychainAccess" */,
			);
			productRefGroup = A5000C3F2B0B0FE9008EC429 /* Products */;
			projectDirPath = "";
			projectRoot = "";
			targets = (
				A5000C3D2B0B0FE9008EC429 /* Spotifard */,
				A5000C4D2B0B0FEB008EC429 /* SpotifardTests */,
				A5000C572B0B0FEB008EC429 /* SpotifardUITests */,
			);
		};
/* End PBXProject section */

/* Begin PBXResourcesBuildPhase section */
		A5000C3C2B0B0FE9008EC429 /* Resources */ = {
			isa = PBXResourcesBuildPhase;
			buildActionMask = 2147483647;
			files = (
				A5000C492B0B0FEB008EC429 /* Preview Assets.xcassets in Resources */,
				A5000C462B0B0FEB008EC429 /* Assets.xcassets in Resources */,
			);
			runOnlyForDeploymentPostprocessing = 0;
		};
		A5000C4C2B0B0FEB008EC429 /* Resources */ = {
			isa = PBXResourcesBuildPhase;
			buildActionMask = 2147483647;
			files = (
			);
			runOnlyForDeploymentPostprocessing = 0;
		};
		A5000C562B0B0FEB008EC429 /* Resources */ = {
			isa = PBXResourcesBuildPhase;
			buildActionMask = 2147483647;
			files = (
			);
			runOnlyForDeploymentPostprocessing = 0;
		};
/* End PBXResourcesBuildPhase section */

/* Begin PBXSourcesBuildPhase section */
		A5000C3A2B0B0FE9008EC429 /* Sources */ = {
			isa = PBXSourcesBuildPhase;
			buildActionMask = 2147483647;
			files = (
				A5A343D62B15B52400E46F57 /* AlbumTrackCellView.swift in Sources */,
				A5A343AD2B156A7D00E46F57 /* Spotify.swift in Sources */,
				A5D4E3312B8F1C9D003E5D10 /* ScreenNavigationStack.swift in Sources */,
				A5A343DB2B16ABF100E46F57 /* ArtistCell.swift in Sources */,
				A5A343C22B15B3C100E46F57 /* PlaylistDeduplicator.swift in Sources */,
				A5A343CC2B15B4EB00E46F57 /* SearchForTracksView.swift in Sources */,
				A5A343B82B15A82800E46F57 /* AlertItem.swift in Sources */,
				A5F7E33A2B16C70C00166640 /* ArtistView.swift in Sources */,
				A5F7E3452B1744B300166640 /* TrackCell.swift in Sources */,
				A5AE07792B796C1A004B6B10 /* TracksView.swift in Sources */,
				A5A343D42B15B52400E46F57 /* SavedAlbumsGridView.swift in Sources */,
				A5F7E33E2B1719BB00166640 /* PlaylistCell.swift in Sources */,
				A5A343C62B15B43600E46F57 /* MiscellaneousUtilities.swift in Sources */,
				A5A343CD2B15B4EB00E46F57 /* DebugMenuView.swift in Sources */,
				A5A343C42B15B3E900E46F57 /* SpotifyAPIExtensions.swift in Sources */,
				A507F4382B19D6DA00952003 /* ToolbarCloseButton.swift in Sources */,
				A5A343C02B15B38D00E46F57 /* PlaylistCellView.swift in Sources */,
				A5F7E3402B171EC400166640 /* SearchBar.swift in Sources */,
				A5A343D52B15B52400E46F57 /* AlbumGridItemView.swift in Sources */,
				A5F7E3492B1931A100166640 /* RangeSlider.swift in Sources */,
				A5A343DE2B16AE9600E46F57 /* SpotifyAsyncImage.swift in Sources */,
				A58247DE2B1FF631008AC68E /* PlaylistSettingsView.swift in Sources */,
				A5AE077D2B798D2D004B6B10 /* ArtistsView.swift in Sources */,
				A5D4E3332B8F1D00003E5D10 /* NavigationModel.swift in Sources */,
				A5F7E3372B16C31100166640 /* SearchForArtistsView.swift in Sources */,
				A5271FDF2B7077770049CD04 /* PlaylistTracksView.swift in Sources */,
				A5000C442B0B0FE9008EC429 /* ContentView.swift in Sources */,
				A5A343CB2B15B4EB00E46F57 /* RecentlyPlayedView.swift in Sources */,
				A5F7E33C2B170C4000166640 /* PlaylistPicker.swift in Sources */,
				A5F7E3422B172CB700166640 /* PlaylistWizard.swift in Sources */,
				A5F7E3472B192E4F00166640 /* TrackFilterView.swift in Sources */,
				A5A343CE2B15B4EB00E46F57 /* TrackView.swift in Sources */,
				A5AE077B2B797081004B6B10 /* ArtistTracksView.swift in Sources */,
				A5A343D32B15B52400E46F57 /* AlbumTracksView.swift in Sources */,
				A5A343BA2B15B33100E46F57 /* ExamplesListView.swift in Sources */,
				A5A343B32B15A38300E46F57 /* LoginView.swift in Sources */,
				A5000C422B0B0FE9008EC429 /* SpotifardApp.swift in Sources */,
				A5A343BE2B15B37700E46F57 /* PlaylistsListView.swift in Sources */,
				A5AE136B2B8C6C40009CE681 /* GuessTheSongView.swift in Sources */,
			);
			runOnlyForDeploymentPostprocessing = 0;
		};
		A5000C4A2B0B0FEB008EC429 /* Sources */ = {
			isa = PBXSourcesBuildPhase;
			buildActionMask = 2147483647;
			files = (
				A5000C532B0B0FEB008EC429 /* SpotifardTests.swift in Sources */,
			);
			runOnlyForDeploymentPostprocessing = 0;
		};
		A5000C542B0B0FEB008EC429 /* Sources */ = {
			isa = PBXSourcesBuildPhase;
			buildActionMask = 2147483647;
			files = (
				A5000C5D2B0B0FEB008EC429 /* SpotifardUITests.swift in Sources */,
				A5000C5F2B0B0FEB008EC429 /* SpotifardUITestsLaunchTests.swift in Sources */,
			);
			runOnlyForDeploymentPostprocessing = 0;
		};
/* End PBXSourcesBuildPhase section */

/* Begin PBXTargetDependency section */
		A5000C502B0B0FEB008EC429 /* PBXTargetDependency */ = {
			isa = PBXTargetDependency;
			target = A5000C3D2B0B0FE9008EC429 /* Spotifard */;
			targetProxy = A5000C4F2B0B0FEB008EC429 /* PBXContainerItemProxy */;
		};
		A5000C5A2B0B0FEB008EC429 /* PBXTargetDependency */ = {
			isa = PBXTargetDependency;
			target = A5000C3D2B0B0FE9008EC429 /* Spotifard */;
			targetProxy = A5000C592B0B0FEB008EC429 /* PBXContainerItemProxy */;
		};
/* End PBXTargetDependency section */

/* Begin XCBuildConfiguration section */
		A5000C602B0B0FEB008EC429 /* Debug */ = {
			isa = XCBuildConfiguration;
			buildSettings = {
				ALWAYS_SEARCH_USER_PATHS = NO;
				ASSETCATALOG_COMPILER_GENERATE_SWIFT_ASSET_SYMBOL_EXTENSIONS = YES;
				CLANG_ANALYZER_NONNULL = YES;
				CLANG_ANALYZER_NUMBER_OBJECT_CONVERSION = YES_AGGRESSIVE;
				CLANG_CXX_LANGUAGE_STANDARD = "gnu++20";
				CLANG_ENABLE_MODULES = YES;
				CLANG_ENABLE_OBJC_ARC = YES;
				CLANG_ENABLE_OBJC_WEAK = YES;
				CLANG_WARN_BLOCK_CAPTURE_AUTORELEASING = YES;
				CLANG_WARN_BOOL_CONVERSION = YES;
				CLANG_WARN_COMMA = YES;
				CLANG_WARN_CONSTANT_CONVERSION = YES;
				CLANG_WARN_DEPRECATED_OBJC_IMPLEMENTATIONS = YES;
				CLANG_WARN_DIRECT_OBJC_ISA_USAGE = YES_ERROR;
				CLANG_WARN_DOCUMENTATION_COMMENTS = YES;
				CLANG_WARN_EMPTY_BODY = YES;
				CLANG_WARN_ENUM_CONVERSION = YES;
				CLANG_WARN_INFINITE_RECURSION = YES;
				CLANG_WARN_INT_CONVERSION = YES;
				CLANG_WARN_NON_LITERAL_NULL_CONVERSION = YES;
				CLANG_WARN_OBJC_IMPLICIT_RETAIN_SELF = YES;
				CLANG_WARN_OBJC_LITERAL_CONVERSION = YES;
				CLANG_WARN_OBJC_ROOT_CLASS = YES_ERROR;
				CLANG_WARN_QUOTED_INCLUDE_IN_FRAMEWORK_HEADER = YES;
				CLANG_WARN_RANGE_LOOP_ANALYSIS = YES;
				CLANG_WARN_STRICT_PROTOTYPES = YES;
				CLANG_WARN_SUSPICIOUS_MOVE = YES;
				CLANG_WARN_UNGUARDED_AVAILABILITY = YES_AGGRESSIVE;
				CLANG_WARN_UNREACHABLE_CODE = YES;
				CLANG_WARN__DUPLICATE_METHOD_MATCH = YES;
				COPY_PHASE_STRIP = NO;
				DEBUG_INFORMATION_FORMAT = dwarf;
				ENABLE_STRICT_OBJC_MSGSEND = YES;
				ENABLE_TESTABILITY = YES;
				ENABLE_USER_SCRIPT_SANDBOXING = YES;
				GCC_C_LANGUAGE_STANDARD = gnu17;
				GCC_DYNAMIC_NO_PIC = NO;
				GCC_NO_COMMON_BLOCKS = YES;
				GCC_OPTIMIZATION_LEVEL = 0;
				GCC_PREPROCESSOR_DEFINITIONS = (
					"DEBUG=1",
					"$(inherited)",
				);
				GCC_WARN_64_TO_32_BIT_CONVERSION = YES;
				GCC_WARN_ABOUT_RETURN_TYPE = YES_ERROR;
				GCC_WARN_UNDECLARED_SELECTOR = YES;
				GCC_WARN_UNINITIALIZED_AUTOS = YES_AGGRESSIVE;
				GCC_WARN_UNUSED_FUNCTION = YES;
				GCC_WARN_UNUSED_VARIABLE = YES;
				IPHONEOS_DEPLOYMENT_TARGET = 17.0;
				LOCALIZATION_PREFERS_STRING_CATALOGS = YES;
				MTL_ENABLE_DEBUG_INFO = INCLUDE_SOURCE;
				MTL_FAST_MATH = YES;
				ONLY_ACTIVE_ARCH = YES;
				SDKROOT = iphoneos;
				SWIFT_ACTIVE_COMPILATION_CONDITIONS = "DEBUG $(inherited)";
				SWIFT_OPTIMIZATION_LEVEL = "-Onone";
			};
			name = Debug;
		};
		A5000C612B0B0FEB008EC429 /* Release */ = {
			isa = XCBuildConfiguration;
			buildSettings = {
				ALWAYS_SEARCH_USER_PATHS = NO;
				ASSETCATALOG_COMPILER_GENERATE_SWIFT_ASSET_SYMBOL_EXTENSIONS = YES;
				CLANG_ANALYZER_NONNULL = YES;
				CLANG_ANALYZER_NUMBER_OBJECT_CONVERSION = YES_AGGRESSIVE;
				CLANG_CXX_LANGUAGE_STANDARD = "gnu++20";
				CLANG_ENABLE_MODULES = YES;
				CLANG_ENABLE_OBJC_ARC = YES;
				CLANG_ENABLE_OBJC_WEAK = YES;
				CLANG_WARN_BLOCK_CAPTURE_AUTORELEASING = YES;
				CLANG_WARN_BOOL_CONVERSION = YES;
				CLANG_WARN_COMMA = YES;
				CLANG_WARN_CONSTANT_CONVERSION = YES;
				CLANG_WARN_DEPRECATED_OBJC_IMPLEMENTATIONS = YES;
				CLANG_WARN_DIRECT_OBJC_ISA_USAGE = YES_ERROR;
				CLANG_WARN_DOCUMENTATION_COMMENTS = YES;
				CLANG_WARN_EMPTY_BODY = YES;
				CLANG_WARN_ENUM_CONVERSION = YES;
				CLANG_WARN_INFINITE_RECURSION = YES;
				CLANG_WARN_INT_CONVERSION = YES;
				CLANG_WARN_NON_LITERAL_NULL_CONVERSION = YES;
				CLANG_WARN_OBJC_IMPLICIT_RETAIN_SELF = YES;
				CLANG_WARN_OBJC_LITERAL_CONVERSION = YES;
				CLANG_WARN_OBJC_ROOT_CLASS = YES_ERROR;
				CLANG_WARN_QUOTED_INCLUDE_IN_FRAMEWORK_HEADER = YES;
				CLANG_WARN_RANGE_LOOP_ANALYSIS = YES;
				CLANG_WARN_STRICT_PROTOTYPES = YES;
				CLANG_WARN_SUSPICIOUS_MOVE = YES;
				CLANG_WARN_UNGUARDED_AVAILABILITY = YES_AGGRESSIVE;
				CLANG_WARN_UNREACHABLE_CODE = YES;
				CLANG_WARN__DUPLICATE_METHOD_MATCH = YES;
				COPY_PHASE_STRIP = NO;
				DEBUG_INFORMATION_FORMAT = "dwarf-with-dsym";
				ENABLE_NS_ASSERTIONS = NO;
				ENABLE_STRICT_OBJC_MSGSEND = YES;
				ENABLE_USER_SCRIPT_SANDBOXING = YES;
				GCC_C_LANGUAGE_STANDARD = gnu17;
				GCC_NO_COMMON_BLOCKS = YES;
				GCC_WARN_64_TO_32_BIT_CONVERSION = YES;
				GCC_WARN_ABOUT_RETURN_TYPE = YES_ERROR;
				GCC_WARN_UNDECLARED_SELECTOR = YES;
				GCC_WARN_UNINITIALIZED_AUTOS = YES_AGGRESSIVE;
				GCC_WARN_UNUSED_FUNCTION = YES;
				GCC_WARN_UNUSED_VARIABLE = YES;
				IPHONEOS_DEPLOYMENT_TARGET = 17.0;
				LOCALIZATION_PREFERS_STRING_CATALOGS = YES;
				MTL_ENABLE_DEBUG_INFO = NO;
				MTL_FAST_MATH = YES;
				SDKROOT = iphoneos;
				SWIFT_COMPILATION_MODE = wholemodule;
				VALIDATE_PRODUCT = YES;
			};
			name = Release;
		};
		A5000C632B0B0FEB008EC429 /* Debug */ = {
			isa = XCBuildConfiguration;
			buildSettings = {
				ASSETCATALOG_COMPILER_APPICON_NAME = AppIcon;
				ASSETCATALOG_COMPILER_GLOBAL_ACCENT_COLOR_NAME = AccentColor;
				CODE_SIGN_STYLE = Automatic;
				CURRENT_PROJECT_VERSION = 1;
				DEVELOPMENT_ASSET_PATHS = "\"Spotifard/Preview Content\"";
				DEVELOPMENT_TEAM = 7YBRUG6EVL;
				ENABLE_PREVIEWS = YES;
				GENERATE_INFOPLIST_FILE = YES;
				INFOPLIST_FILE = Spotifard/Info.plist;
				INFOPLIST_KEY_UIApplicationSceneManifest_Generation = YES;
				INFOPLIST_KEY_UIApplicationSupportsIndirectInputEvents = YES;
				INFOPLIST_KEY_UILaunchScreen_Generation = YES;
				INFOPLIST_KEY_UISupportedInterfaceOrientations_iPad = "UIInterfaceOrientationPortrait UIInterfaceOrientationPortraitUpsideDown UIInterfaceOrientationLandscapeLeft UIInterfaceOrientationLandscapeRight";
				INFOPLIST_KEY_UISupportedInterfaceOrientations_iPhone = "UIInterfaceOrientationPortrait UIInterfaceOrientationLandscapeLeft UIInterfaceOrientationLandscapeRight";
				LD_RUNPATH_SEARCH_PATHS = (
					"$(inherited)",
					"@executable_path/Frameworks",
				);
				MARKETING_VERSION = 1.0;
				PRODUCT_BUNDLE_IDENTIFIER = com.jesusla.Spotifard;
				PRODUCT_NAME = "$(TARGET_NAME)";
				SWIFT_EMIT_LOC_STRINGS = YES;
				SWIFT_VERSION = 5.0;
				TARGETED_DEVICE_FAMILY = "1,2";
			};
			name = Debug;
		};
		A5000C642B0B0FEB008EC429 /* Release */ = {
			isa = XCBuildConfiguration;
			buildSettings = {
				ASSETCATALOG_COMPILER_APPICON_NAME = AppIcon;
				ASSETCATALOG_COMPILER_GLOBAL_ACCENT_COLOR_NAME = AccentColor;
				CODE_SIGN_STYLE = Automatic;
				CURRENT_PROJECT_VERSION = 1;
				DEVELOPMENT_ASSET_PATHS = "\"Spotifard/Preview Content\"";
				DEVELOPMENT_TEAM = 7YBRUG6EVL;
				ENABLE_PREVIEWS = YES;
				GENERATE_INFOPLIST_FILE = YES;
				INFOPLIST_FILE = Spotifard/Info.plist;
				INFOPLIST_KEY_UIApplicationSceneManifest_Generation = YES;
				INFOPLIST_KEY_UIApplicationSupportsIndirectInputEvents = YES;
				INFOPLIST_KEY_UILaunchScreen_Generation = YES;
				INFOPLIST_KEY_UISupportedInterfaceOrientations_iPad = "UIInterfaceOrientationPortrait UIInterfaceOrientationPortraitUpsideDown UIInterfaceOrientationLandscapeLeft UIInterfaceOrientationLandscapeRight";
				INFOPLIST_KEY_UISupportedInterfaceOrientations_iPhone = "UIInterfaceOrientationPortrait UIInterfaceOrientationLandscapeLeft UIInterfaceOrientationLandscapeRight";
				LD_RUNPATH_SEARCH_PATHS = (
					"$(inherited)",
					"@executable_path/Frameworks",
				);
				MARKETING_VERSION = 1.0;
				PRODUCT_BUNDLE_IDENTIFIER = com.jesusla.Spotifard;
				PRODUCT_NAME = "$(TARGET_NAME)";
				SWIFT_EMIT_LOC_STRINGS = YES;
				SWIFT_VERSION = 5.0;
				TARGETED_DEVICE_FAMILY = "1,2";
			};
			name = Release;
		};
		A5000C662B0B0FEB008EC429 /* Debug */ = {
			isa = XCBuildConfiguration;
			buildSettings = {
				ALWAYS_EMBED_SWIFT_STANDARD_LIBRARIES = YES;
				BUNDLE_LOADER = "$(TEST_HOST)";
				CODE_SIGN_STYLE = Automatic;
				CURRENT_PROJECT_VERSION = 1;
				DEVELOPMENT_TEAM = 7YBRUG6EVL;
				GENERATE_INFOPLIST_FILE = YES;
				IPHONEOS_DEPLOYMENT_TARGET = 17.0;
				MARKETING_VERSION = 1.0;
				PRODUCT_BUNDLE_IDENTIFIER = com.jesusla.SpotifardTests;
				PRODUCT_NAME = "$(TARGET_NAME)";
				SWIFT_EMIT_LOC_STRINGS = NO;
				SWIFT_VERSION = 5.0;
				TARGETED_DEVICE_FAMILY = "1,2";
				TEST_HOST = "$(BUILT_PRODUCTS_DIR)/Spotifard.app/$(BUNDLE_EXECUTABLE_FOLDER_PATH)/Spotifard";
			};
			name = Debug;
		};
		A5000C672B0B0FEB008EC429 /* Release */ = {
			isa = XCBuildConfiguration;
			buildSettings = {
				ALWAYS_EMBED_SWIFT_STANDARD_LIBRARIES = YES;
				BUNDLE_LOADER = "$(TEST_HOST)";
				CODE_SIGN_STYLE = Automatic;
				CURRENT_PROJECT_VERSION = 1;
				DEVELOPMENT_TEAM = 7YBRUG6EVL;
				GENERATE_INFOPLIST_FILE = YES;
				IPHONEOS_DEPLOYMENT_TARGET = 17.0;
				MARKETING_VERSION = 1.0;
				PRODUCT_BUNDLE_IDENTIFIER = com.jesusla.SpotifardTests;
				PRODUCT_NAME = "$(TARGET_NAME)";
				SWIFT_EMIT_LOC_STRINGS = NO;
				SWIFT_VERSION = 5.0;
				TARGETED_DEVICE_FAMILY = "1,2";
				TEST_HOST = "$(BUILT_PRODUCTS_DIR)/Spotifard.app/$(BUNDLE_EXECUTABLE_FOLDER_PATH)/Spotifard";
			};
			name = Release;
		};
		A5000C692B0B0FEB008EC429 /* Debug */ = {
			isa = XCBuildConfiguration;
			buildSettings = {
				ALWAYS_EMBED_SWIFT_STANDARD_LIBRARIES = YES;
				CODE_SIGN_STYLE = Automatic;
				CURRENT_PROJECT_VERSION = 1;
				DEVELOPMENT_TEAM = 7YBRUG6EVL;
				GENERATE_INFOPLIST_FILE = YES;
				MARKETING_VERSION = 1.0;
				PRODUCT_BUNDLE_IDENTIFIER = com.jesusla.SpotifardUITests;
				PRODUCT_NAME = "$(TARGET_NAME)";
				SWIFT_EMIT_LOC_STRINGS = NO;
				SWIFT_VERSION = 5.0;
				TARGETED_DEVICE_FAMILY = "1,2";
				TEST_TARGET_NAME = Spotifard;
			};
			name = Debug;
		};
		A5000C6A2B0B0FEB008EC429 /* Release */ = {
			isa = XCBuildConfiguration;
			buildSettings = {
				ALWAYS_EMBED_SWIFT_STANDARD_LIBRARIES = YES;
				CODE_SIGN_STYLE = Automatic;
				CURRENT_PROJECT_VERSION = 1;
				DEVELOPMENT_TEAM = 7YBRUG6EVL;
				GENERATE_INFOPLIST_FILE = YES;
				MARKETING_VERSION = 1.0;
				PRODUCT_BUNDLE_IDENTIFIER = com.jesusla.SpotifardUITests;
				PRODUCT_NAME = "$(TARGET_NAME)";
				SWIFT_EMIT_LOC_STRINGS = NO;
				SWIFT_VERSION = 5.0;
				TARGETED_DEVICE_FAMILY = "1,2";
				TEST_TARGET_NAME = Spotifard;
			};
			name = Release;
		};
/* End XCBuildConfiguration section */

/* Begin XCConfigurationList section */
		A5000C392B0B0FE9008EC429 /* Build configuration list for PBXProject "Spotifard" */ = {
			isa = XCConfigurationList;
			buildConfigurations = (
				A5000C602B0B0FEB008EC429 /* Debug */,
				A5000C612B0B0FEB008EC429 /* Release */,
			);
			defaultConfigurationIsVisible = 0;
			defaultConfigurationName = Release;
		};
		A5000C622B0B0FEB008EC429 /* Build configuration list for PBXNativeTarget "Spotifard" */ = {
			isa = XCConfigurationList;
			buildConfigurations = (
				A5000C632B0B0FEB008EC429 /* Debug */,
				A5000C642B0B0FEB008EC429 /* Release */,
			);
			defaultConfigurationIsVisible = 0;
			defaultConfigurationName = Release;
		};
		A5000C652B0B0FEB008EC429 /* Build configuration list for PBXNativeTarget "SpotifardTests" */ = {
			isa = XCConfigurationList;
			buildConfigurations = (
				A5000C662B0B0FEB008EC429 /* Debug */,
				A5000C672B0B0FEB008EC429 /* Release */,
			);
			defaultConfigurationIsVisible = 0;
			defaultConfigurationName = Release;
		};
		A5000C682B0B0FEB008EC429 /* Build configuration list for PBXNativeTarget "SpotifardUITests" */ = {
			isa = XCConfigurationList;
			buildConfigurations = (
				A5000C692B0B0FEB008EC429 /* Debug */,
				A5000C6A2B0B0FEB008EC429 /* Release */,
			);
			defaultConfigurationIsVisible = 0;
			defaultConfigurationName = Release;
		};
/* End XCConfigurationList section */

/* Begin XCRemoteSwiftPackageReference section */
		A5A343A82B15697200E46F57 /* XCRemoteSwiftPackageReference "SpotifyAPI" */ = {
			isa = XCRemoteSwiftPackageReference;
			repositoryURL = "https://github.com/Peter-Schorn/SpotifyAPI";
			requirement = {
				kind = upToNextMajorVersion;
				minimumVersion = 2.2.4;
			};
		};
		A5A343AE2B156B8A00E46F57 /* XCRemoteSwiftPackageReference "KeychainAccess" */ = {
			isa = XCRemoteSwiftPackageReference;
			repositoryURL = "https://github.com/kishikawakatsumi/KeychainAccess";
			requirement = {
				kind = upToNextMajorVersion;
				minimumVersion = 4.2.2;
			};
		};
/* End XCRemoteSwiftPackageReference section */

/* Begin XCSwiftPackageProductDependency section */
		A5A343A92B15697200E46F57 /* SpotifyAPI */ = {
			isa = XCSwiftPackageProductDependency;
			package = A5A343A82B15697200E46F57 /* XCRemoteSwiftPackageReference "SpotifyAPI" */;
			productName = SpotifyAPI;
		};
		A5A343AF2B156B8A00E46F57 /* KeychainAccess */ = {
			isa = XCSwiftPackageProductDependency;
			package = A5A343AE2B156B8A00E46F57 /* XCRemoteSwiftPackageReference "KeychainAccess" */;
			productName = KeychainAccess;
		};
/* End XCSwiftPackageProductDependency section */
	};
	rootObject = A5000C362B0B0FE9008EC429 /* Project object */;
}
